
Microsoft Visual Studio Solution File, Format Version 12.00
# Visual Studio Version 17
VisualStudioVersion = 17.0.32112.339
MinimumVisualStudioVersion = 10.0.40219.1
Project("{FAE04EC0-301F-11D3-BF4B-00C04F79EFBC}") = "ConsoleApp1", "ConsoleApp1\ConsoleApp1.csproj", "{EF349BB1-98FF-49F0-804F-D2DE34BE07BA}"
EndProject
Global
	GlobalSection(SolutionConfigurationPlatforms) = preSolution
		Debug|Any CPU = Debug|Any CPU
		Release|Any CPU = Release|Any CPU
	EndGlobalSection
	GlobalSection(ProjectConfigurationPlatforms) = postSolution
		{EF349BB1-98FF-49F0-804F-D2DE34BE07BA}.Debug|Any CPU.ActiveCfg = Debug|Any CPU
		{EF349BB1-98FF-49F0-804F-D2DE34BE07BA}.Debug|Any CPU.Build.0 = Debug|Any CPU
		{EF349BB1-98FF-49F0-804F-D2DE34BE07BA}.Release|Any CPU.ActiveCfg = Release|Any CPU
		{EF349BB1-98FF-49F0-804F-D2DE34BE07BA}.Release|Any CPU.Build.0 = Release|Any CPU
	EndGlobalSection
	GlobalSection(SolutionProperties) = preSolution
		HideSolutionNode = FALSE
	EndGlobalSection
	GlobalSection(ExtensibilityGlobals) = postSolution
		SolutionGuid = {2CD6302E-1BD2-49C7-AECA-4F630B745B8A}
	EndGlobalSection
EndGlobal
