
Microsoft Visual Studio Solution File, Format Version 12.00
# Visual Studio Version 17
VisualStudioVersion = 17.0.32112.339
MinimumVisualStudioVersion = 10.0.40219.1
Project("{FAE04EC0-301F-11D3-BF4B-00C04F79EFBC}") = "MissingLetter", "MissingLetter\MissingLetter.csproj", "{87612CDD-92A0-48FD-AFE0-28CB8F07C570}"
EndProject
Global
	GlobalSection(SolutionConfigurationPlatforms) = preSolution
		Debug|Any CPU = Debug|Any CPU
		Release|Any CPU = Release|Any CPU
	EndGlobalSection
	GlobalSection(ProjectConfigurationPlatforms) = postSolution
		{87612CDD-92A0-48FD-AFE0-28CB8F07C570}.Debug|Any CPU.ActiveCfg = Debug|Any CPU
		{87612CDD-92A0-48FD-AFE0-28CB8F07C570}.Debug|Any CPU.Build.0 = Debug|Any CPU
		{87612CDD-92A0-48FD-AFE0-28CB8F07C570}.Release|Any CPU.ActiveCfg = Release|Any CPU
		{87612CDD-92A0-48FD-AFE0-28CB8F07C570}.Release|Any CPU.Build.0 = Release|Any CPU
	EndGlobalSection
	GlobalSection(SolutionProperties) = preSolution
		HideSolutionNode = FALSE
	EndGlobalSection
	GlobalSection(ExtensibilityGlobals) = postSolution
		SolutionGuid = {6D8C1BDA-5A7E-4CB8-8D81-58E647960B16}
	EndGlobalSection
EndGlobal
